
Microsoft Visual Studio Solution File, Format Version 12.00
# Visual Studio Version 17
VisualStudioVersion = 17.13.35825.156 d17.13
MinimumVisualStudioVersion = 10.0.40219.1
Project("{FAE04EC0-301F-11D3-BF4B-00C04F79EFBC}") = "Menu", "Menu\Menu.csproj", "{F157520D-5233-4A9B-A0F7-450FD86CCA70}"
EndProject
Global
	GlobalSection(SolutionConfigurationPlatforms) = preSolution
		Debug|Any CPU = Debug|Any CPU
		Release|Any CPU = Release|Any CPU
	EndGlobalSection
	GlobalSection(ProjectConfigurationPlatforms) = postSolution
		{F157520D-5233-4A9B-A0F7-450FD86CCA70}.Debug|Any CPU.ActiveCfg = Debug|Any CPU
		{F157520D-5233-4A9B-A0F7-450FD86CCA70}.Debug|Any CPU.Build.0 = Debug|Any CPU
		{F157520D-5233-4A9B-A0F7-450FD86CCA70}.Release|Any CPU.ActiveCfg = Release|Any CPU
		{F157520D-5233-4A9B-A0F7-450FD86CCA70}.Release|Any CPU.Build.0 = Release|Any CPU
	EndGlobalSection
	GlobalSection(SolutionProperties) = preSolution
		HideSolutionNode = FALSE
	EndGlobalSection
	GlobalSection(ExtensibilityGlobals) = postSolution
		SolutionGuid = {41C968AF-284D-4D3E-9CC5-5A5DEDC0D747}
	EndGlobalSection
EndGlobal
